<?xml version="1.0" encoding="utf-8"?>
<Project ToolsVersion="4.0" xmlns="http://schemas.microsoft.com/developer/msbuild/2003">
  <ItemGroup>
    <Filter Include="MGE Source files">
      <UniqueIdentifier>{4FC737F1-C7A5-4376-A066-2A32D752A2FF}</UniqueIdentifier>
      <Extensions>cpp;c;cc;cxx;def;odl;idl;hpj;bat;asm;asmx</Extensions>
    </Filter>
    <Filter Include="MGE Source files\mge">
      <UniqueIdentifier>{5808a1e3-17c6-41a4-bf66-b872468a8c7c}</UniqueIdentifier>
    </Filter>
    <Filter Include="MGE Source files\mge\behaviours">
      <UniqueIdentifier>{62606aaf-8ae3-4195-9a83-22a2c9d20af1}</UniqueIdentifier>
    </Filter>
    <Filter Include="MGE Source files\mge\core">
      <UniqueIdentifier>{4394d90a-ffa0-485d-98ea-1e91842edda6}</UniqueIdentifier>
    </Filter>
    <Filter Include="MGE Source files\mge\materials">
      <UniqueIdentifier>{88a48024-4c44-40c0-a658-f27957d6b003}</UniqueIdentifier>
    </Filter>
    <Filter Include="MGE Source files\mge\util">
      <UniqueIdentifier>{7d824c34-4bb6-43a4-a48a-0d68b7aad6e5}</UniqueIdentifier>
    </Filter>
    <Filter Include="ThirdPerson">
      <UniqueIdentifier>{576a6bee-4963-4af8-9100-f9262d580e7b}</UniqueIdentifier>
    </Filter>
    <Filter Include="ThirdPerson\Buttons">
      <UniqueIdentifier>{4ff68d32-e8af-4499-a7c5-20fcc05eff9a}</UniqueIdentifier>
    </Filter>
  </ItemGroup>
  <ItemGroup>
    <ClInclude Include="..\src\glm.hpp">
      <Filter>MGE Source files</Filter>
    </ClInclude>
    <ClInclude Include="..\src\mge\behaviours\AbstractBehaviour.hpp">
      <Filter>MGE Source files\mge\behaviours</Filter>
    </ClInclude>
    <ClInclude Include="..\src\mge\core\AbstractGame.hpp">
      <Filter>MGE Source files\mge\core</Filter>
    </ClInclude>
    <ClInclude Include="..\src\mge\materials\AbstractMaterial.hpp">
      <Filter>MGE Source files\mge\materials</Filter>
    </ClInclude>
    <ClInclude Include="..\src\mge\materials\ColorMaterial.hpp">
      <Filter>MGE Source files\mge\materials</Filter>
    </ClInclude>
    <ClInclude Include="..\src\mge\util\DebugHud.hpp">
      <Filter>MGE Source files\mge\util</Filter>
    </ClInclude>
    <ClInclude Include="..\src\mge\core\GameObject.hpp">
      <Filter>MGE Source files\mge\core</Filter>
    </ClInclude>
    <ClInclude Include="..\src\mge\behaviours\KeysBehaviour.hpp">
      <Filter>MGE Source files\mge\behaviours</Filter>
    </ClInclude>
    <ClInclude Include="..\src\mge\core\Mesh.hpp">
      <Filter>MGE Source files\mge\core</Filter>
    </ClInclude>
    <ClInclude Include="..\src\mge\core\Renderer.hpp">
      <Filter>MGE Source files\mge\core</Filter>
    </ClInclude>
    <ClInclude Include="..\src\mge\core\ShaderProgram.hpp">
      <Filter>MGE Source files\mge\core</Filter>
    </ClInclude>
    <ClInclude Include="..\src\mge\core\Texture.hpp">
      <Filter>MGE Source files\mge\core</Filter>
    </ClInclude>
    <ClInclude Include="..\src\mge\core\World.hpp">
      <Filter>MGE Source files\mge\core</Filter>
    </ClInclude>
    <ClInclude Include="..\src\mge\behaviours\RotatingBehaviour.hpp">
      <Filter>MGE Source files\mge\behaviours</Filter>
    </ClInclude>
    <ClInclude Include="..\src\mge\materials\TextureMaterial.hpp">
      <Filter>MGE Source files\mge\materials</Filter>
    </ClInclude>
    <ClInclude Include="..\src\mge\core\Light.hpp">
      <Filter>MGE Source files\mge\core</Filter>
    </ClInclude>
    <ClInclude Include="..\src\ThirdPerson\TPerson.hpp">
      <Filter>ThirdPerson</Filter>
    </ClInclude>
    <ClInclude Include="..\src\ThirdPerson\config.hpp">
      <Filter>ThirdPerson</Filter>
    </ClInclude>
    <ClInclude Include="..\src\ThirdPerson\Ray.hpp">
      <Filter>ThirdPerson</Filter>
    </ClInclude>
    <ClInclude Include="..\src\mge\behaviours\MouseRotatingBehaviour.hpp">
      <Filter>MGE Source files\mge\behaviours</Filter>
    </ClInclude>
    <ClInclude Include="..\src\mge\materials\LitMaterial.hpp">
      <Filter>MGE Source files\mge\materials</Filter>
    </ClInclude>
    <ClInclude Include="..\src\mge\materials\LitTextureMaterial.hpp">
      <Filter>MGE Source files\mge\materials</Filter>
    </ClInclude>
    <ClInclude Include="..\src\ThirdPerson\RenderToTexture.hpp">
      <Filter>ThirdPerson</Filter>
    </ClInclude>
    <ClInclude Include="..\src\mge\materials\RenderToTextureMaterial.hpp">
      <Filter>MGE Source files\mge\materials</Filter>
    </ClInclude>
    <ClInclude Include="..\src\ThirdPerson\Room.hpp">
      <Filter>ThirdPerson</Filter>
    </ClInclude>
    <ClInclude Include="..\src\ThirdPerson\Timer.hpp">
      <Filter>ThirdPerson</Filter>
    </ClInclude>
<<<<<<< HEAD
=======
    <ClInclude Include="..\src\mge\behaviours\EmptyBehaviour.hpp">
      <Filter>MGE Source files\mge\behaviours</Filter>
    </ClInclude>
    <ClInclude Include="..\src\mge\core\Camera.hpp">
      <Filter>MGE Source files\mge\core</Filter>
    </ClInclude>
>>>>>>> 4a30a13596ff8f177ff5e30b9527e80ea7e76b4f
    <ClInclude Include="..\src\ThirdPerson\UITexture.hpp">
      <Filter>ThirdPerson</Filter>
    </ClInclude>
    <ClInclude Include="..\src\ThirdPerson\UserInterface.hpp">
      <Filter>ThirdPerson</Filter>
    </ClInclude>
    <ClInclude Include="..\src\ThirdPerson\buttons\LevelSelectButton.hpp">
      <Filter>ThirdPerson\Buttons</Filter>
    </ClInclude>
    <ClInclude Include="..\src\ThirdPerson\buttons\NewGameButton.hpp">
      <Filter>ThirdPerson\Buttons</Filter>
    </ClInclude>
    <ClInclude Include="..\src\ThirdPerson\buttons\QuitGameButton.hpp">
      <Filter>ThirdPerson\Buttons</Filter>
    </ClInclude>
    <ClInclude Include="..\src\ThirdPerson\buttons\ContinueButton.hpp">
      <Filter>ThirdPerson\Buttons</Filter>
    </ClInclude>
    <ClInclude Include="..\src\ThirdPerson\buttons\MenuButton.hpp">
      <Filter>ThirdPerson\Buttons</Filter>
    </ClInclude>
  </ItemGroup>
  <ItemGroup>
    <ClCompile Include="..\src\main.cpp">
      <Filter>MGE Source files</Filter>
    </ClCompile>
    <ClCompile Include="..\src\mge\behaviours\AbstractBehaviour.cpp">
      <Filter>MGE Source files\mge\behaviours</Filter>
    </ClCompile>
    <ClCompile Include="..\src\mge\core\AbstractGame.cpp">
      <Filter>MGE Source files\mge\core</Filter>
    </ClCompile>
    <ClCompile Include="..\src\mge\materials\AbstractMaterial.cpp">
      <Filter>MGE Source files\mge\materials</Filter>
    </ClCompile>
    <ClCompile Include="..\src\mge\materials\ColorMaterial.cpp">
      <Filter>MGE Source files\mge\materials</Filter>
    </ClCompile>
    <ClCompile Include="..\src\mge\util\DebugHud.cpp">
      <Filter>MGE Source files\mge\util</Filter>
    </ClCompile>
    <ClCompile Include="..\src\mge\core\GameObject.cpp">
      <Filter>MGE Source files\mge\core</Filter>
    </ClCompile>
    <ClCompile Include="..\src\mge\behaviours\KeysBehaviour.cpp">
      <Filter>MGE Source files\mge\behaviours</Filter>
    </ClCompile>
    <ClCompile Include="..\src\mge\core\Mesh.cpp">
      <Filter>MGE Source files\mge\core</Filter>
    </ClCompile>
    <ClCompile Include="..\src\mge\core\Renderer.cpp">
      <Filter>MGE Source files\mge\core</Filter>
    </ClCompile>
    <ClCompile Include="..\src\mge\core\ShaderProgram.cpp">
      <Filter>MGE Source files\mge\core</Filter>
    </ClCompile>
    <ClCompile Include="..\src\mge\core\Texture.cpp">
      <Filter>MGE Source files\mge\core</Filter>
    </ClCompile>
    <ClCompile Include="..\src\mge\core\World.cpp">
      <Filter>MGE Source files\mge\core</Filter>
    </ClCompile>
    <ClCompile Include="..\src\mge\behaviours\RotatingBehaviour.cpp">
      <Filter>MGE Source files\mge\behaviours</Filter>
    </ClCompile>
    <ClCompile Include="..\src\mge\materials\TextureMaterial.cpp">
      <Filter>MGE Source files\mge\materials</Filter>
    </ClCompile>
    <ClCompile Include="..\src\mge\core\Light.cpp">
      <Filter>MGE Source files\mge\core</Filter>
    </ClCompile>
    <ClCompile Include="..\src\ThirdPerson\TPerson.cpp">
      <Filter>ThirdPerson</Filter>
    </ClCompile>
    <ClCompile Include="..\src\ThirdPerson\Ray.cpp">
      <Filter>ThirdPerson</Filter>
    </ClCompile>
    <ClCompile Include="..\src\mge\behaviours\MouseRotatingBehaviour.cpp">
      <Filter>MGE Source files\mge\behaviours</Filter>
    </ClCompile>
    <ClCompile Include="..\src\mge\materials\LitMaterial.cpp">
      <Filter>MGE Source files\mge\materials</Filter>
    </ClCompile>
    <ClCompile Include="..\src\mge\materials\LitTextureMaterial.cpp">
      <Filter>MGE Source files\mge\materials</Filter>
    </ClCompile>
    <ClCompile Include="..\src\ThirdPerson\RenderToTexture.cpp">
      <Filter>ThirdPerson</Filter>
    </ClCompile>
    <ClCompile Include="..\src\mge\materials\RenderToTextureMaterial.cpp">
      <Filter>MGE Source files\mge\materials</Filter>
    </ClCompile>
    <ClCompile Include="..\src\ThirdPerson\Room.cpp">
      <Filter>ThirdPerson</Filter>
    </ClCompile>
    <ClCompile Include="..\src\ThirdPerson\Timer.cpp">
      <Filter>ThirdPerson</Filter>
    </ClCompile>
<<<<<<< HEAD
=======
    <ClCompile Include="..\src\mge\core\Camera.cpp">
      <Filter>MGE Source files\mge\core</Filter>
    </ClCompile>
>>>>>>> 4a30a13596ff8f177ff5e30b9527e80ea7e76b4f
    <ClCompile Include="..\src\ThirdPerson\UITexture.cpp">
      <Filter>ThirdPerson</Filter>
    </ClCompile>
    <ClCompile Include="..\src\ThirdPerson\UserInterface.cpp">
      <Filter>ThirdPerson</Filter>
    </ClCompile>
    <ClCompile Include="..\src\ThirdPerson\buttons\LevelSelectButton.cpp">
      <Filter>ThirdPerson\Buttons</Filter>
    </ClCompile>
    <ClCompile Include="..\src\ThirdPerson\buttons\NewGameButton.cpp">
      <Filter>ThirdPerson\Buttons</Filter>
    </ClCompile>
    <ClCompile Include="..\src\ThirdPerson\buttons\QuitGameButton.cpp">
      <Filter>ThirdPerson\Buttons</Filter>
    </ClCompile>
    <ClCompile Include="..\src\ThirdPerson\buttons\ContinueButton.cpp">
      <Filter>ThirdPerson\Buttons</Filter>
    </ClCompile>
    <ClCompile Include="..\src\ThirdPerson\Puzzle.cpp">
      <Filter>ThirdPerson</Filter>
    </ClCompile>
    <ClCompile Include="..\src\ThirdPerson\buttons\MenuButton.cpp">
      <Filter>ThirdPerson\Buttons</Filter>
    </ClCompile>
  </ItemGroup>
  <ItemGroup>
    <None Include="..\src\ThirdPerson\level1.lua">
      <Filter>ThirdPerson</Filter>
    </None>
    <None Include="..\src\ThirdPerson\level2.lua">
      <Filter>ThirdPerson</Filter>
    </None>
    <None Include="..\src\ThirdPerson\room.lua">
      <Filter>ThirdPerson</Filter>
    </None>
  </ItemGroup>
</Project>