<?xml version="1.0" encoding="utf-8"?>
<Project ToolsVersion="4.0" xmlns="http://schemas.microsoft.com/developer/msbuild/2003">
  <ItemGroup>
    <ClCompile Include="..\src\main.cpp" />
    <ClCompile Include="..\src\mge\behaviours\AbstractBehaviour.cpp" />
    <ClCompile Include="..\src\mge\behaviours\CameraMovementBehaviour.cpp" />
    <ClCompile Include="..\src\mge\behaviours\KeysBehaviour.cpp" />
    <ClCompile Include="..\src\mge\behaviours\MouseRotatingBehaviour.cpp" />
    <ClCompile Include="..\src\mge\behaviours\RotatingBehaviour.cpp" />
    <ClCompile Include="..\src\mge\core\AbstractGame.cpp" />
    <ClCompile Include="..\src\mge\core\Camera.cpp" />
    <ClCompile Include="..\src\mge\core\GameObject.cpp" />
    <ClCompile Include="..\src\mge\core\Light.cpp" />
    <ClCompile Include="..\src\mge\core\Mesh.cpp" />
    <ClCompile Include="..\src\mge\core\Renderer.cpp" />
    <ClCompile Include="..\src\mge\core\ShaderProgram.cpp" />
    <ClCompile Include="..\src\mge\core\Texture.cpp" />
    <ClCompile Include="..\src\mge\core\World.cpp" />
    <ClCompile Include="..\src\mge\materials\AbstractMaterial.cpp" />
    <ClCompile Include="..\src\mge\materials\ColorMaterial.cpp" />
    <ClCompile Include="..\src\mge\materials\LitMaterial.cpp" />
    <ClCompile Include="..\src\mge\materials\LitTextureMaterial.cpp" />
    <ClCompile Include="..\src\mge\materials\RenderToTextureMaterial.cpp" />
    <ClCompile Include="..\src\mge\materials\TextureMaterial.cpp" />
    <ClCompile Include="..\src\mge\util\DebugHud.cpp" />
    <ClCompile Include="..\src\ThirdPerson\Audio.cpp" />
    <ClCompile Include="..\src\ThirdPerson\buttons\BackToMainButton.cpp" />
    <ClCompile Include="..\src\ThirdPerson\buttons\ContinueButton.cpp" />
    <ClCompile Include="..\src\ThirdPerson\buttons\LevelSelectButton.cpp" />
    <ClCompile Include="..\src\ThirdPerson\buttons\LoadLevelButton.cpp" />
    <ClCompile Include="..\src\ThirdPerson\buttons\MenuButton.cpp" />
    <ClCompile Include="..\src\ThirdPerson\buttons\NewGameButton.cpp" />
    <ClCompile Include="..\src\ThirdPerson\buttons\NextLevelButton.cpp" />
    <ClCompile Include="..\src\ThirdPerson\buttons\QuitGameButton.cpp" />
    <ClCompile Include="..\src\ThirdPerson\buttons\RestartGameButton.cpp" />
    <ClCompile Include="..\src\ThirdPerson\buttons\ResumeGameButton.cpp" />
    <ClCompile Include="..\src\ThirdPerson\buttons\ReturnToMenuButton.cpp" />
    <ClCompile Include="..\src\ThirdPerson\buttons\ShowHintButton.cpp" />
    <ClCompile Include="..\src\ThirdPerson\Puzzle.cpp" />
    <ClCompile Include="..\src\ThirdPerson\UITexture.cpp" />
    <ClCompile Include="..\src\ThirdPerson\Ray.cpp" />
    <ClCompile Include="..\src\ThirdPerson\RenderToTexture.cpp" />
    <ClCompile Include="..\src\ThirdPerson\Timer.cpp" />
    <ClCompile Include="..\src\ThirdPerson\UserInterface.cpp" />
    <ClCompile Include="..\src\ThirdPerson\TPerson.cpp" />
    <ClCompile Include="..\src\ThirdPerson\Room.cpp" />
  </ItemGroup>
  <ItemGroup>
    <ClInclude Include="..\src\glm.hpp" />
    <ClInclude Include="..\src\mge\behaviours\AbstractBehaviour.hpp" />
    <ClInclude Include="..\src\mge\behaviours\CameraMovementBehaviour.hpp" />
    <ClInclude Include="..\src\mge\behaviours\KeysBehaviour.hpp" />
    <ClInclude Include="..\src\mge\behaviours\MouseRotatingBehaviour.hpp" />
    <ClInclude Include="..\src\mge\behaviours\RotatingBehaviour.hpp" />
    <ClInclude Include="..\src\mge\core\AbstractGame.hpp" />
    <ClInclude Include="..\src\mge\core\Camera.hpp" />
    <ClInclude Include="..\src\mge\core\GameObject.hpp" />
    <ClInclude Include="..\src\mge\core\Light.hpp" />
    <ClInclude Include="..\src\mge\core\Mesh.hpp" />
    <ClInclude Include="..\src\mge\core\Renderer.hpp" />
    <ClInclude Include="..\src\mge\core\ShaderProgram.hpp" />
    <ClInclude Include="..\src\mge\core\Texture.hpp" />
    <ClInclude Include="..\src\mge\core\World.hpp" />
    <ClInclude Include="..\src\mge\materials\AbstractMaterial.hpp" />
    <ClInclude Include="..\src\mge\materials\ColorMaterial.hpp" />
    <ClInclude Include="..\src\mge\materials\LitMaterial.hpp" />
    <ClInclude Include="..\src\mge\materials\LitTextureMaterial.hpp" />
    <ClInclude Include="..\src\mge\materials\RenderToTextureMaterial.hpp" />
    <ClInclude Include="..\src\mge\materials\TextureMaterial.hpp" />
    <ClInclude Include="..\src\mge\util\DebugHud.hpp" />
    <ClInclude Include="..\src\ThirdPerson\Audio.hpp" />
    <ClInclude Include="..\src\ThirdPerson\buttons\BackToMainButton.hpp" />
    <ClInclude Include="..\src\ThirdPerson\buttons\ContinueButton.hpp" />
    <ClInclude Include="..\src\ThirdPerson\buttons\LevelSelectButton.hpp" />
    <ClInclude Include="..\src\ThirdPerson\buttons\LoadLevelButton.hpp" />
    <ClInclude Include="..\src\ThirdPerson\buttons\MenuButton.hpp" />
    <ClInclude Include="..\src\ThirdPerson\buttons\NewGameButton.hpp" />
    <ClInclude Include="..\src\ThirdPerson\buttons\NextLevelButton.hpp" />
    <ClInclude Include="..\src\ThirdPerson\buttons\QuitGameButton.hpp" />
    <ClInclude Include="..\src\ThirdPerson\buttons\RestartGameButton.hpp" />
    <ClInclude Include="..\src\ThirdPerson\buttons\ResumeGameButton.hpp" />
    <ClInclude Include="..\src\ThirdPerson\buttons\ReturnToMenuButton.hpp" />
    <ClInclude Include="..\src\ThirdPerson\buttons\ShowHintButton.hpp" />
    <ClInclude Include="..\src\ThirdPerson\config.hpp" />
    <ClInclude Include="..\src\ThirdPerson\Puzzle.hpp" />
    <ClInclude Include="..\src\ThirdPerson\UITexture.hpp" />
    <ClInclude Include="..\src\ThirdPerson\Ray.hpp" />
    <ClInclude Include="..\src\ThirdPerson\RenderToTexture.hpp" />
    <ClInclude Include="..\src\ThirdPerson\Timer.hpp" />
    <ClInclude Include="..\src\ThirdPerson\UserInterface.hpp" />
    <ClInclude Include="..\src\ThirdPerson\TPerson.hpp" />
    <ClInclude Include="..\src\ThirdPerson\Room.hpp" />
  </ItemGroup>
  <ItemGroup>
    <None Include="..\src\ThirdPerson\levels\level1.lua" />
    <None Include="..\src\ThirdPerson\levels\level10.lua" />
    <None Include="..\src\ThirdPerson\levels\level2.lua" />
    <None Include="..\src\ThirdPerson\levels\level3.lua" />
    <None Include="..\src\ThirdPerson\levels\level4.lua" />
    <None Include="..\src\ThirdPerson\levels\level5.lua" />
    <None Include="..\src\ThirdPerson\levels\level6.lua" />
    <None Include="..\src\ThirdPerson\levels\level7.lua" />
    <None Include="..\src\ThirdPerson\levels\level8.lua" />
    <None Include="..\src\ThirdPerson\levels\level9.lua" />
    <None Include="..\src\ThirdPerson\room.lua" />
  </ItemGroup>
</Project>